<?xml version="1.0" encoding="utf-8"?>
<Project ToolsVersion="4.0" xmlns="http://schemas.microsoft.com/developer/msbuild/2003">
  <ItemGroup>
    <Filter Include="Source Files">
      <UniqueIdentifier>{4FC737F1-C7A5-4376-A066-2A32D752A2FF}</UniqueIdentifier>
      <Extensions>cpp;c;cc;cxx;c++;cppm;ixx;def;odl;idl;hpj;bat;asm;asmx</Extensions>
    </Filter>
    <Filter Include="Header Files">
      <UniqueIdentifier>{93995380-89BD-4b04-88EB-625FBE52EBFB}</UniqueIdentifier>
      <Extensions>h;hh;hpp;hxx;h++;hm;inl;inc;ipp;xsd</Extensions>
    </Filter>
    <Filter Include="Resource Files">
      <UniqueIdentifier>{67DA6AB6-F800-4c08-8B7A-83BB121AAD01}</UniqueIdentifier>
      <Extensions>rc;ico;cur;bmp;dlg;rc2;rct;bin;rgs;gif;jpg;jpeg;jpe;resx;tiff;tif;png;wav;mfcribbon-ms</Extensions>
    </Filter>
    <Filter Include="Resource Files\textures">
      <UniqueIdentifier>{5f89a2b2-0983-4547-988e-fde6cee1f711}</UniqueIdentifier>
    </Filter>
    <Filter Include="Resource Files\fonts">
      <UniqueIdentifier>{c8c1395e-7b26-4cca-8715-4cdc22049fc7}</UniqueIdentifier>
    </Filter>
    <Filter Include="Resource Files\sounds">
      <UniqueIdentifier>{0a881f4b-50c2-4ab9-b13b-8d2065d8ca24}</UniqueIdentifier>
    </Filter>
    <Filter Include="Resource Files\datas">
      <UniqueIdentifier>{071be56f-8f74-47d2-aa33-1df6ca49cf72}</UniqueIdentifier>
    </Filter>
    <Filter Include="Source Files\core">
      <UniqueIdentifier>{7954c5ff-073b-450b-99f7-0db1c0df617a}</UniqueIdentifier>
    </Filter>
    <Filter Include="Source Files\game_states">
      <UniqueIdentifier>{b91ced05-db0f-479f-be38-78572a36f887}</UniqueIdentifier>
    </Filter>
    <Filter Include="Header Files\core">
      <UniqueIdentifier>{03350625-229c-4223-a636-d33775d19384}</UniqueIdentifier>
    </Filter>
    <Filter Include="Header Files\game_states">
      <UniqueIdentifier>{321d9252-d9d8-423f-aaf5-926b3737a21c}</UniqueIdentifier>
    </Filter>
    <Filter Include="Header Files\core\tpl">
      <UniqueIdentifier>{360944c3-308c-46f4-b19d-a4b27c6e989c}</UniqueIdentifier>
    </Filter>
    <Filter Include="Resource Files\datas\animations">
      <UniqueIdentifier>{5827a49b-a0e5-4ff7-83b5-22e446f42ea5}</UniqueIdentifier>
    </Filter>
    <Filter Include="Resource Files\datas\animations\player">
      <UniqueIdentifier>{0873b204-c7f2-4257-b421-c5245b0dedd2}</UniqueIdentifier>
    </Filter>
    <Filter Include="Header Files\world">
      <UniqueIdentifier>{4a3b31da-9282-40ba-8520-82330ee0d6eb}</UniqueIdentifier>
    </Filter>
    <Filter Include="Resource Files\datas\tilesets">
      <UniqueIdentifier>{35919901-2a16-4440-a1de-79bb89b90ff4}</UniqueIdentifier>
    </Filter>
    <Filter Include="Resource Files\datas\tilemaps">
      <UniqueIdentifier>{bf59ce00-c3f7-4c97-bbc2-edf10f3c7d7f}</UniqueIdentifier>
    </Filter>
  </ItemGroup>
  <ItemGroup>
    <ClCompile Include="main.cpp">
      <Filter>Source Files</Filter>
    </ClCompile>
    <ClCompile Include="Obj.cpp">
      <Filter>Source Files</Filter>
    </ClCompile>
    <ClCompile Include="AnimObj.cpp">
      <Filter>Source Files</Filter>
    </ClCompile>
    <ClCompile Include="ObjBase.cpp">
      <Filter>Source Files</Filter>
    </ClCompile>
    <ClCompile Include="src\core\Cfg.cpp">
      <Filter>Source Files\core</Filter>
    </ClCompile>
    <ClCompile Include="src\core\Game.cpp">
      <Filter>Source Files\core</Filter>
    </ClCompile>
    <ClCompile Include="src\core\GameState.cpp">
      <Filter>Source Files\core</Filter>
    </ClCompile>
    <ClCompile Include="src\core\GameStateMgr.cpp">
      <Filter>Source Files\core</Filter>
    </ClCompile>
    <ClCompile Include="src\core\globals.cpp">
      <Filter>Source Files\core</Filter>
    </ClCompile>
    <ClCompile Include="src\game_states\PausedState.cpp">
      <Filter>Source Files\game_states</Filter>
    </ClCompile>
    <ClCompile Include="src\game_states\PlayState.cpp">
      <Filter>Source Files\game_states</Filter>
    </ClCompile>
    <ClCompile Include="src\game_states\SplashState..cpp">
      <Filter>Source Files\game_states</Filter>
    </ClCompile>
    <ClCompile Include="src\game_states\TitleState.cpp">
      <Filter>Source Files\game_states</Filter>
    </ClCompile>
    <ClCompile Include="src\world\Tile.cpp">
      <Filter>Header Files\world</Filter>
    </ClCompile>
    <ClCompile Include="src\world\Tilemap.cpp">
      <Filter>Header Files\world</Filter>
    </ClCompile>
    <ClCompile Include="src\world\Tileset.cpp">
      <Filter>Header Files\world</Filter>
    </ClCompile>
  </ItemGroup>
  <ItemGroup>
    <ClInclude Include="ObjBase.h">
      <Filter>Header Files</Filter>
    </ClInclude>
    <ClInclude Include="Obj.h">
      <Filter>Header Files</Filter>
    </ClInclude>
    <ClInclude Include="AnimObj.h">
      <Filter>Header Files</Filter>
    </ClInclude>
    <ClInclude Include="src\core\Cfg.h">
      <Filter>Header Files\core</Filter>
    </ClInclude>
    <ClInclude Include="src\core\Game.h">
      <Filter>Header Files\core</Filter>
    </ClInclude>
    <ClInclude Include="src\core\GameState.h">
      <Filter>Header Files\core</Filter>
    </ClInclude>
    <ClInclude Include="src\core\GameStateMgr.h">
      <Filter>Header Files\core</Filter>
    </ClInclude>
    <ClInclude Include="src\core\globals.h">
      <Filter>Header Files\core</Filter>
    </ClInclude>
    <ClInclude Include="src\core\ResourceManager.h">
      <Filter>Header Files\core</Filter>
    </ClInclude>
    <ClInclude Include="src\game_states\PausedState.h">
      <Filter>Header Files\game_states</Filter>
    </ClInclude>
    <ClInclude Include="src\game_states\PlayState.h">
      <Filter>Header Files\game_states</Filter>
    </ClInclude>
    <ClInclude Include="src\game_states\SplashState.h">
      <Filter>Header Files\game_states</Filter>
    </ClInclude>
    <ClInclude Include="src\game_states\TitleState.h">
      <Filter>Header Files\game_states</Filter>
    </ClInclude>
    <ClInclude Include="src\world\Tile.h">
      <Filter>Header Files\world</Filter>
    </ClInclude>
    <ClInclude Include="src\world\Tilemap.h">
      <Filter>Header Files\world</Filter>
    </ClInclude>
    <ClInclude Include="src\world\Tileset.h">
      <Filter>Header Files\world</Filter>
    </ClInclude>
  </ItemGroup>
  <ItemGroup>
    <Image Include="Assets\textures\duck.png">
      <Filter>Resource Files\textures</Filter>
    </Image>
    <Image Include="Assets\textures\invariant.png">
      <Filter>Resource Files\textures</Filter>
    </Image>
    <Image Include="Assets\textures\logoSm.png">
      <Filter>Resource Files\textures</Filter>
    </Image>
    <Image Include="Assets\textures\Tiles.png">
      <Filter>Resource Files\textures</Filter>
    </Image>
  </ItemGroup>
  <ItemGroup>
    <Media Include="Assets\sounds\pew.mp3">
      <Filter>Resource Files\sounds</Filter>
    </Media>
    <Media Include="Assets\sounds\wow.mp3">
      <Filter>Resource Files\sounds</Filter>
    </Media>
  </ItemGroup>
  <ItemGroup>
    <Font Include="Assets\fonts\bubbly.ttf">
      <Filter>Resource Files\fonts</Filter>
    </Font>
  </ItemGroup>
  <ItemGroup>
    <None Include="src\core\tpl\ResourceManager.tpl">
      <Filter>Header Files\core\tpl</Filter>
    </None>
    <None Include="Assets\datas\animations\player\player.anm">
      <Filter>Resource Files\datas\animations\player</Filter>
    </None>
    <None Include="Assets\datas\tilesets\tileset1.tset">
      <Filter>Resource Files\datas\tilesets</Filter>
    </None>
    <None Include="Assets\datas\tilemaps\tilemap1.map">
      <Filter>Resource Files\datas\tilemaps</Filter>
    </None>
  </ItemGroup>
  <ItemGroup>
    <Text Include="Assets\datas\animations\directions.txt">
      <Filter>Resource Files\datas\animations</Filter>
    </Text>
  </ItemGroup>
</Project>